
Microsoft Visual Studio Solution File, Format Version 12.00
# Visual Studio Version 17
VisualStudioVersion = 17.4.33110.190
MinimumVisualStudioVersion = 10.0.40219.1
Project("{FAE04EC0-301F-11D3-BF4B-00C04F79EFBC}") = "BlazorRoseNoirApp.Server", "BlazorRoseNoirApp\Server\BlazorRoseNoirApp.Server.csproj", "{39907404-04BE-43D7-92DA-6FBEC60FA0C2}"
EndProject
Project("{FAE04EC0-301F-11D3-BF4B-00C04F79EFBC}") = "BlazorRoseNoirApp.Client", "BlazorRoseNoirApp\Client\BlazorRoseNoirApp.Client.csproj", "{E4DCC556-8617-40C2-B61F-D01745D97A55}"
EndProject
Project("{FAE04EC0-301F-11D3-BF4B-00C04F79EFBC}") = "BlazorRoseNoirApp.Shared", "BlazorRoseNoirApp\Shared\BlazorRoseNoirApp.Shared.csproj", "{C5455A05-96B2-4659-BD9F-993B6AD7F671}"
EndProject
Global
	GlobalSection(SolutionConfigurationPlatforms) = preSolution
		Debug|Any CPU = Debug|Any CPU
		Release|Any CPU = Release|Any CPU
	EndGlobalSection
	GlobalSection(ProjectConfigurationPlatforms) = postSolution
		{39907404-04BE-43D7-92DA-6FBEC60FA0C2}.Debug|Any CPU.ActiveCfg = Debug|Any CPU
		{39907404-04BE-43D7-92DA-6FBEC60FA0C2}.Debug|Any CPU.Build.0 = Debug|Any CPU
		{39907404-04BE-43D7-92DA-6FBEC60FA0C2}.Release|Any CPU.ActiveCfg = Release|Any CPU
		{39907404-04BE-43D7-92DA-6FBEC60FA0C2}.Release|Any CPU.Build.0 = Release|Any CPU
		{E4DCC556-8617-40C2-B61F-D01745D97A55}.Debug|Any CPU.ActiveCfg = Debug|Any CPU
		{E4DCC556-8617-40C2-B61F-D01745D97A55}.Debug|Any CPU.Build.0 = Debug|Any CPU
		{E4DCC556-8617-40C2-B61F-D01745D97A55}.Release|Any CPU.ActiveCfg = Release|Any CPU
		{E4DCC556-8617-40C2-B61F-D01745D97A55}.Release|Any CPU.Build.0 = Release|Any CPU
		{C5455A05-96B2-4659-BD9F-993B6AD7F671}.Debug|Any CPU.ActiveCfg = Debug|Any CPU
		{C5455A05-96B2-4659-BD9F-993B6AD7F671}.Debug|Any CPU.Build.0 = Debug|Any CPU
		{C5455A05-96B2-4659-BD9F-993B6AD7F671}.Release|Any CPU.ActiveCfg = Release|Any CPU
		{C5455A05-96B2-4659-BD9F-993B6AD7F671}.Release|Any CPU.Build.0 = Release|Any CPU
	EndGlobalSection
	GlobalSection(SolutionProperties) = preSolution
		HideSolutionNode = FALSE
	EndGlobalSection
	GlobalSection(ExtensibilityGlobals) = postSolution
		SolutionGuid = {12524E72-4E51-40DE-ACE2-56B0CD061A27}
	EndGlobalSection
EndGlobal
